
Microsoft Visual Studio Solution File, Format Version 12.00
# Visual Studio Version 17
VisualStudioVersion = 17.14.36908.2 d17.14
MinimumVisualStudioVersion = 10.0.40219.1
Project("{888888A0-9F3D-457C-B088-3A5042F75D52}") = "HealNet_Saimon_IEEE", "HealNet_Saimon_IEEE.pyproj", "{4C4AB1BF-EB59-4DDD-8DEA-E4EFDEC31C69}"
EndProject
Global
	GlobalSection(SolutionConfigurationPlatforms) = preSolution
		Debug|Any CPU = Debug|Any CPU
		Release|Any CPU = Release|Any CPU
	EndGlobalSection
	GlobalSection(ProjectConfigurationPlatforms) = postSolution
		{4C4AB1BF-EB59-4DDD-8DEA-E4EFDEC31C69}.Debug|Any CPU.ActiveCfg = Debug|Any CPU
		{4C4AB1BF-EB59-4DDD-8DEA-E4EFDEC31C69}.Release|Any CPU.ActiveCfg = Release|Any CPU
	EndGlobalSection
	GlobalSection(SolutionProperties) = preSolution
		HideSolutionNode = FALSE
	EndGlobalSection
	GlobalSection(ExtensibilityGlobals) = postSolution
		SolutionGuid = {E12BA196-851A-4BA9-9430-F2F83AD7A1CB}
	EndGlobalSection
EndGlobal
